
Microsoft Visual Studio Solution File, Format Version 12.00
# Visual Studio 14
VisualStudioVersion = 14.0.25420.1
MinimumVisualStudioVersion = 10.0.40219.1
Project("{2150E333-8FDC-42A3-9474-1A3956D46DE8}") = "Foundation", "Foundation", "{83832AEC-6146-4E66-A9AE-5886D19B07E2}"
EndProject
Project("{FAE04EC0-301F-11D3-BF4B-00C04F79EFBC}") = "EditorEnhancementToolkit.Foundation.ContentEditor", "src\Foundation\ContentEditor\code\EditorEnhancementToolkit.Foundation.ContentEditor.csproj", "{F510660F-327F-4C02-B1E3-A31F02B09035}"
EndProject
Project("{2150E333-8FDC-42A3-9474-1A3956D46DE8}") = "Content Editor", "Content Editor", "{05B4FA5E-736E-4AAD-8499-CFDDB5493793}"
EndProject
Project("{2150E333-8FDC-42A3-9474-1A3956D46DE8}") = "Configuration", "Configuration", "{A8559825-98C9-4090-94B0-0B574FA44AF6}"
	ProjectSection(SolutionItems) = preProject
		gulp-config.js = gulp-config.js
		gulpfile.js = gulpfile.js
		package.json = package.json
	EndProjectSection
EndProject
Global
	GlobalSection(SolutionConfigurationPlatforms) = preSolution
		Debug|Any CPU = Debug|Any CPU
		Release|Any CPU = Release|Any CPU
	EndGlobalSection
	GlobalSection(ProjectConfigurationPlatforms) = postSolution
		{F510660F-327F-4C02-B1E3-A31F02B09035}.Debug|Any CPU.ActiveCfg = Debug|Any CPU
		{F510660F-327F-4C02-B1E3-A31F02B09035}.Debug|Any CPU.Build.0 = Debug|Any CPU
		{F510660F-327F-4C02-B1E3-A31F02B09035}.Release|Any CPU.ActiveCfg = Release|Any CPU
		{F510660F-327F-4C02-B1E3-A31F02B09035}.Release|Any CPU.Build.0 = Release|Any CPU
	EndGlobalSection
	GlobalSection(SolutionProperties) = preSolution
		HideSolutionNode = FALSE
	EndGlobalSection
	GlobalSection(NestedProjects) = preSolution
		{F510660F-327F-4C02-B1E3-A31F02B09035} = {05B4FA5E-736E-4AAD-8499-CFDDB5493793}
		{05B4FA5E-736E-4AAD-8499-CFDDB5493793} = {83832AEC-6146-4E66-A9AE-5886D19B07E2}
	EndGlobalSection
EndGlobal
